// !$*UTF8*$!
{
	archiveVersion = 1;
	classes = {
	};
	objectVersion = 46;
	objects = {

/* Begin PBXBuildFile section */
		7A46A43916BCDB8000702A5A /* CardMatchingGame.m in Sources */ = {isa = PBXBuildFile; fileRef = 7A46A43816BCDB8000702A5A /* CardMatchingGame.m */; };
		7A89E1F916BA42E8007B94CF /* UIKit.framework in Frameworks */ = {isa = PBXBuildFile; fileRef = 7A89E1F816BA42E8007B94CF /* UIKit.framework */; };
		7A89E1FB16BA42E8007B94CF /* Foundation.framework in Frameworks */ = {isa = PBXBuildFile; fileRef = 7A89E1FA16BA42E8007B94CF /* Foundation.framework */; };
		7A89E1FD16BA42E8007B94CF /* CoreGraphics.framework in Frameworks */ = {isa = PBXBuildFile; fileRef = 7A89E1FC16BA42E8007B94CF /* CoreGraphics.framework */; };
		7A89E20316BA42E8007B94CF /* InfoPlist.strings in Resources */ = {isa = PBXBuildFile; fileRef = 7A89E20116BA42E8007B94CF /* InfoPlist.strings */; };
		7A89E20516BA42E8007B94CF /* main.m in Sources */ = {isa = PBXBuildFile; fileRef = 7A89E20416BA42E8007B94CF /* main.m */; };
		7A89E20916BA42E8007B94CF /* CardGameAppDelegate.m in Sources */ = {isa = PBXBuildFile; fileRef = 7A89E20816BA42E8007B94CF /* CardGameAppDelegate.m */; };
		7A89E20B16BA42E8007B94CF /* Default.png in Resources */ = {isa = PBXBuildFile; fileRef = 7A89E20A16BA42E8007B94CF /* Default.png */; };
		7A89E20D16BA42E8007B94CF /* Default@2x.png in Resources */ = {isa = PBXBuildFile; fileRef = 7A89E20C16BA42E8007B94CF /* Default@2x.png */; };
		7A89E20F16BA42E8007B94CF /* Default-568h@2x.png in Resources */ = {isa = PBXBuildFile; fileRef = 7A89E20E16BA42E8007B94CF /* Default-568h@2x.png */; };
		7A89E21216BA42E9007B94CF /* MainStoryboard.storyboard in Resources */ = {isa = PBXBuildFile; fileRef = 7A89E21016BA42E8007B94CF /* MainStoryboard.storyboard */; };
		7A89E21516BA42E9007B94CF /* CardGameViewController.m in Sources */ = {isa = PBXBuildFile; fileRef = 7A89E21416BA42E9007B94CF /* CardGameViewController.m */; };
		7A89E21D16BA4EE9007B94CF /* Card.m in Sources */ = {isa = PBXBuildFile; fileRef = 7A89E21C16BA4EE9007B94CF /* Card.m */; };
		7A89E22016BA4F1A007B94CF /* Deck.m in Sources */ = {isa = PBXBuildFile; fileRef = 7A89E21F16BA4F1A007B94CF /* Deck.m */; };
		7A89E22316BA4F50007B94CF /* PlayingCard.m in Sources */ = {isa = PBXBuildFile; fileRef = 7A89E22216BA4F50007B94CF /* PlayingCard.m */; };
		7A89E22616BA4F65007B94CF /* PlayingCardDeck.m in Sources */ = {isa = PBXBuildFile; fileRef = 7A89E22516BA4F65007B94CF /* PlayingCardDeck.m */; };
		7AE4E20716BE50A300C62877 /* SimianCardBack.jpg in Resources */ = {isa = PBXBuildFile; fileRef = 7AE4E20616BE50A200C62877 /* SimianCardBack.jpg */; };
/* End PBXBuildFile section */

/* Begin PBXFileReference section */
		7A46A43716BCDB8000702A5A /* CardMatchingGame.h */ = {isa = PBXFileReference; fileEncoding = 4; lastKnownFileType = sourcecode.c.h; name = CardMatchingGame.h; path = Model/CardMatchingGame.h; sourceTree = "<group>"; };
		7A46A43816BCDB8000702A5A /* CardMatchingGame.m */ = {isa = PBXFileReference; fileEncoding = 4; lastKnownFileType = sourcecode.c.objc; name = CardMatchingGame.m; path = Model/CardMatchingGame.m; sourceTree = "<group>"; };
		7A89E1F416BA42E8007B94CF /* Matchismo.app */ = {isa = PBXFileReference; explicitFileType = wrapper.application; includeInIndex = 0; path = Matchismo.app; sourceTree = BUILT_PRODUCTS_DIR; };
		7A89E1F816BA42E8007B94CF /* UIKit.framework */ = {isa = PBXFileReference; lastKnownFileType = wrapper.framework; name = UIKit.framework; path = System/Library/Frameworks/UIKit.framework; sourceTree = SDKROOT; };
		7A89E1FA16BA42E8007B94CF /* Foundation.framework */ = {isa = PBXFileReference; lastKnownFileType = wrapper.framework; name = Foundation.framework; path = System/Library/Frameworks/Foundation.framework; sourceTree = SDKROOT; };
		7A89E1FC16BA42E8007B94CF /* CoreGraphics.framework */ = {isa = PBXFileReference; lastKnownFileType = wrapper.framework; name = CoreGraphics.framework; path = System/Library/Frameworks/CoreGraphics.framework; sourceTree = SDKROOT; };
		7A89E20016BA42E8007B94CF /* Matchismo-Info.plist */ = {isa = PBXFileReference; lastKnownFileType = text.plist.xml; path = "Matchismo-Info.plist"; sourceTree = "<group>"; };
		7A89E20216BA42E8007B94CF /* en */ = {isa = PBXFileReference; lastKnownFileType = text.plist.strings; name = en; path = en.lproj/InfoPlist.strings; sourceTree = "<group>"; };
		7A89E20416BA42E8007B94CF /* main.m */ = {isa = PBXFileReference; lastKnownFileType = sourcecode.c.objc; path = main.m; sourceTree = "<group>"; };
		7A89E20616BA42E8007B94CF /* Matchismo-Prefix.pch */ = {isa = PBXFileReference; lastKnownFileType = sourcecode.c.h; path = "Matchismo-Prefix.pch"; sourceTree = "<group>"; };
		7A89E20716BA42E8007B94CF /* CardGameAppDelegate.h */ = {isa = PBXFileReference; lastKnownFileType = sourcecode.c.h; path = CardGameAppDelegate.h; sourceTree = "<group>"; };
		7A89E20816BA42E8007B94CF /* CardGameAppDelegate.m */ = {isa = PBXFileReference; lastKnownFileType = sourcecode.c.objc; path = CardGameAppDelegate.m; sourceTree = "<group>"; };
		7A89E20A16BA42E8007B94CF /* Default.png */ = {isa = PBXFileReference; lastKnownFileType = image.png; path = Default.png; sourceTree = "<group>"; };
		7A89E20C16BA42E8007B94CF /* Default@2x.png */ = {isa = PBXFileReference; lastKnownFileType = image.png; path = "Default@2x.png"; sourceTree = "<group>"; };
		7A89E20E16BA42E8007B94CF /* Default-568h@2x.png */ = {isa = PBXFileReference; lastKnownFileType = image.png; path = "Default-568h@2x.png"; sourceTree = "<group>"; };
		7A89E21116BA42E9007B94CF /* en */ = {isa = PBXFileReference; lastKnownFileType = file.storyboard; name = en; path = en.lproj/MainStoryboard.storyboard; sourceTree = "<group>"; };
		7A89E21316BA42E9007B94CF /* CardGameViewController.h */ = {isa = PBXFileReference; lastKnownFileType = sourcecode.c.h; path = CardGameViewController.h; sourceTree = "<group>"; };
		7A89E21416BA42E9007B94CF /* CardGameViewController.m */ = {isa = PBXFileReference; lastKnownFileType = sourcecode.c.objc; path = CardGameViewController.m; sourceTree = "<group>"; };
		7A89E21B16BA4EE9007B94CF /* Card.h */ = {isa = PBXFileReference; fileEncoding = 4; lastKnownFileType = sourcecode.c.h; name = Card.h; path = Model/Card.h; sourceTree = "<group>"; };
		7A89E21C16BA4EE9007B94CF /* Card.m */ = {isa = PBXFileReference; fileEncoding = 4; lastKnownFileType = sourcecode.c.objc; name = Card.m; path = Model/Card.m; sourceTree = "<group>"; };
		7A89E21E16BA4F1A007B94CF /* Deck.h */ = {isa = PBXFileReference; fileEncoding = 4; lastKnownFileType = sourcecode.c.h; name = Deck.h; path = Model/Deck.h; sourceTree = "<group>"; };
		7A89E21F16BA4F1A007B94CF /* Deck.m */ = {isa = PBXFileReference; fileEncoding = 4; lastKnownFileType = sourcecode.c.objc; name = Deck.m; path = Model/Deck.m; sourceTree = "<group>"; };
		7A89E22116BA4F50007B94CF /* PlayingCard.h */ = {isa = PBXFileReference; fileEncoding = 4; lastKnownFileType = sourcecode.c.h; name = PlayingCard.h; path = Model/PlayingCard.h; sourceTree = "<group>"; };
		7A89E22216BA4F50007B94CF /* PlayingCard.m */ = {isa = PBXFileReference; fileEncoding = 4; lastKnownFileType = sourcecode.c.objc; name = PlayingCard.m; path = Model/PlayingCard.m; sourceTree = "<group>"; };
		7A89E22416BA4F65007B94CF /* PlayingCardDeck.h */ = {isa = PBXFileReference; fileEncoding = 4; lastKnownFileType = sourcecode.c.h; name = PlayingCardDeck.h; path = Model/PlayingCardDeck.h; sourceTree = "<group>"; };
		7A89E22516BA4F65007B94CF /* PlayingCardDeck.m */ = {isa = PBXFileReference; fileEncoding = 4; lastKnownFileType = sourcecode.c.objc; name = PlayingCardDeck.m; path = Model/PlayingCardDeck.m; sourceTree = "<group>"; };
		7AE4E20616BE50A200C62877 /* SimianCardBack.jpg */ = {isa = PBXFileReference; lastKnownFileType = image.jpeg; path = SimianCardBack.jpg; sourceTree = "<group>"; };
/* End PBXFileReference section */

/* Begin PBXFrameworksBuildPhase section */
		7A89E1F116BA42E8007B94CF /* Frameworks */ = {
			isa = PBXFrameworksBuildPhase;
			buildActionMask = 2147483647;
			files = (
				7A89E1F916BA42E8007B94CF /* UIKit.framework in Frameworks */,
				7A89E1FB16BA42E8007B94CF /* Foundation.framework in Frameworks */,
				7A89E1FD16BA42E8007B94CF /* CoreGraphics.framework in Frameworks */,
			);
			runOnlyForDeploymentPostprocessing = 0;
		};
/* End PBXFrameworksBuildPhase section */

/* Begin PBXGroup section */
		7A89E1E916BA42E8007B94CF = {
			isa = PBXGroup;
			children = (
				7A89E1FE16BA42E8007B94CF /* Matchismo */,
				7A89E1F716BA42E8007B94CF /* Frameworks */,
				7A89E1F516BA42E8007B94CF /* Products */,
			);
			sourceTree = "<group>";
		};
		7A89E1F516BA42E8007B94CF /* Products */ = {
			isa = PBXGroup;
			children = (
				7A89E1F416BA42E8007B94CF /* Matchismo.app */,
			);
			name = Products;
			sourceTree = "<group>";
		};
		7A89E1F716BA42E8007B94CF /* Frameworks */ = {
			isa = PBXGroup;
			children = (
				7A89E1F816BA42E8007B94CF /* UIKit.framework */,
				7A89E1FA16BA42E8007B94CF /* Foundation.framework */,
				7A89E1FC16BA42E8007B94CF /* CoreGraphics.framework */,
			);
			name = Frameworks;
			sourceTree = "<group>";
		};
		7A89E1FE16BA42E8007B94CF /* Matchismo */ = {
			isa = PBXGroup;
			children = (
				7A89E20716BA42E8007B94CF /* CardGameAppDelegate.h */,
				7A89E20816BA42E8007B94CF /* CardGameAppDelegate.m */,
				7A89E21016BA42E8007B94CF /* MainStoryboard.storyboard */,
				7A89E22716BA4F90007B94CF /* Card Game Model */,
				7A89E21316BA42E9007B94CF /* CardGameViewController.h */,
				7A89E21416BA42E9007B94CF /* CardGameViewController.m */,
				7A89E1FF16BA42E8007B94CF /* Supporting Files */,
			);
			path = Matchismo;
			sourceTree = "<group>";
		};
		7A89E1FF16BA42E8007B94CF /* Supporting Files */ = {
			isa = PBXGroup;
			children = (
				7AE4E20616BE50A200C62877 /* SimianCardBack.jpg */,
				7A89E20016BA42E8007B94CF /* Matchismo-Info.plist */,
				7A89E20116BA42E8007B94CF /* InfoPlist.strings */,
				7A89E20416BA42E8007B94CF /* main.m */,
				7A89E20616BA42E8007B94CF /* Matchismo-Prefix.pch */,
				7A89E20A16BA42E8007B94CF /* Default.png */,
				7A89E20C16BA42E8007B94CF /* Default@2x.png */,
				7A89E20E16BA42E8007B94CF /* Default-568h@2x.png */,
			);
			name = "Supporting Files";
			sourceTree = "<group>";
		};
		7A89E22716BA4F90007B94CF /* Card Game Model */ = {
			isa = PBXGroup;
			children = (
				7A89E21E16BA4F1A007B94CF /* Deck.h */,
				7A89E21F16BA4F1A007B94CF /* Deck.m */,
				7A89E22116BA4F50007B94CF /* PlayingCard.h */,
				7A89E22216BA4F50007B94CF /* PlayingCard.m */,
				7A89E22416BA4F65007B94CF /* PlayingCardDeck.h */,
				7A89E22516BA4F65007B94CF /* PlayingCardDeck.m */,
				7A89E21B16BA4EE9007B94CF /* Card.h */,
				7A89E21C16BA4EE9007B94CF /* Card.m */,
				7A46A43716BCDB8000702A5A /* CardMatchingGame.h */,
				7A46A43816BCDB8000702A5A /* CardMatchingGame.m */,
			);
			name = "Card Game Model";
			sourceTree = "<group>";
		};
/* End PBXGroup section */

/* Begin PBXNativeTarget section */
		7A89E1F316BA42E8007B94CF /* Matchismo */ = {
			isa = PBXNativeTarget;
			buildConfigurationList = 7A89E21816BA42E9007B94CF /* Build configuration list for PBXNativeTarget "Matchismo" */;
			buildPhases = (
				7A89E1F016BA42E8007B94CF /* Sources */,
				7A89E1F116BA42E8007B94CF /* Frameworks */,
				7A89E1F216BA42E8007B94CF /* Resources */,
			);
			buildRules = (
			);
			dependencies = (
			);
			name = Matchismo;
			productName = Matchismo;
			productReference = 7A89E1F416BA42E8007B94CF /* Matchismo.app */;
			productType = "com.apple.product-type.application";
		};
/* End PBXNativeTarget section */

/* Begin PBXProject section */
		7A89E1EB16BA42E8007B94CF /* Project object */ = {
			isa = PBXProject;
			attributes = {
				CLASSPREFIX = CardGame;
				LastUpgradeCheck = 0450;
				ORGANIZATIONNAME = InfoSynergetics;
			};
			buildConfigurationList = 7A89E1EE16BA42E8007B94CF /* Build configuration list for PBXProject "Matchismo" */;
			compatibilityVersion = "Xcode 3.2";
			developmentRegion = English;
			hasScannedForEncodings = 0;
			knownRegions = (
				en,
			);
			mainGroup = 7A89E1E916BA42E8007B94CF;
			productRefGroup = 7A89E1F516BA42E8007B94CF /* Products */;
			projectDirPath = "";
			projectRoot = "";
			targets = (
				7A89E1F316BA42E8007B94CF /* Matchismo */,
			);
		};
/* End PBXProject section */

/* Begin PBXResourcesBuildPhase section */
		7A89E1F216BA42E8007B94CF /* Resources */ = {
			isa = PBXResourcesBuildPhase;
			buildActionMask = 2147483647;
			files = (
				7A89E20316BA42E8007B94CF /* InfoPlist.strings in Resources */,
				7A89E20B16BA42E8007B94CF /* Default.png in Resources */,
				7A89E20D16BA42E8007B94CF /* Default@2x.png in Resources */,
				7A89E20F16BA42E8007B94CF /* Default-568h@2x.png in Resources */,
				7A89E21216BA42E9007B94CF /* MainStoryboard.storyboard in Resources */,
				7AE4E20716BE50A300C62877 /* SimianCardBack.jpg in Resources */,
			);
			runOnlyForDeploymentPostprocessing = 0;
		};
/* End PBXResourcesBuildPhase section */

/* Begin PBXSourcesBuildPhase section */
		7A89E1F016BA42E8007B94CF /* Sources */ = {
			isa = PBXSourcesBuildPhase;
			buildActionMask = 2147483647;
			files = (
				7A89E20516BA42E8007B94CF /* main.m in Sources */,
				7A89E20916BA42E8007B94CF /* CardGameAppDelegate.m in Sources */,
				7A89E21516BA42E9007B94CF /* CardGameViewController.m in Sources */,
				7A89E21D16BA4EE9007B94CF /* Card.m in Sources */,
				7A89E22016BA4F1A007B94CF /* Deck.m in Sources */,
				7A89E22316BA4F50007B94CF /* PlayingCard.m in Sources */,
				7A89E22616BA4F65007B94CF /* PlayingCardDeck.m in Sources */,
				7A46A43916BCDB8000702A5A /* CardMatchingGame.m in Sources */,
			);
			runOnlyForDeploymentPostprocessing = 0;
		};
/* End PBXSourcesBuildPhase section */

/* Begin PBXVariantGroup section */
		7A89E20116BA42E8007B94CF /* InfoPlist.strings */ = {
			isa = PBXVariantGroup;
			children = (
				7A89E20216BA42E8007B94CF /* en */,
			);
			name = InfoPlist.strings;
			sourceTree = "<group>";
		};
		7A89E21016BA42E8007B94CF /* MainStoryboard.storyboard */ = {
			isa = PBXVariantGroup;
			children = (
				7A89E21116BA42E9007B94CF /* en */,
			);
			name = MainStoryboard.storyboard;
			sourceTree = "<group>";
		};
/* End PBXVariantGroup section */

/* Begin XCBuildConfiguration section */
		7A89E21616BA42E9007B94CF /* Debug */ = {
			isa = XCBuildConfiguration;
			buildSettings = {
				ALWAYS_SEARCH_USER_PATHS = NO;
				CLANG_CXX_LANGUAGE_STANDARD = "gnu++0x";
				CLANG_CXX_LIBRARY = "libc++";
				CLANG_ENABLE_OBJC_ARC = YES;
				CLANG_WARN_EMPTY_BODY = YES;
				CLANG_WARN__DUPLICATE_METHOD_MATCH = YES;
				"CODE_SIGN_IDENTITY[sdk=iphoneos*]" = "iPhone Developer";
				COPY_PHASE_STRIP = NO;
				GCC_C_LANGUAGE_STANDARD = gnu99;
				GCC_DYNAMIC_NO_PIC = NO;
				GCC_OPTIMIZATION_LEVEL = 0;
				GCC_PREPROCESSOR_DEFINITIONS = (
					"DEBUG=1",
					"$(inherited)",
				);
				GCC_SYMBOLS_PRIVATE_EXTERN = NO;
				GCC_WARN_ABOUT_RETURN_TYPE = YES;
				GCC_WARN_UNINITIALIZED_AUTOS = YES;
				GCC_WARN_UNUSED_VARIABLE = YES;
				IPHONEOS_DEPLOYMENT_TARGET = 6.0;
				ONLY_ACTIVE_ARCH = YES;
				SDKROOT = iphoneos;
			};
			name = Debug;
		};
		7A89E21716BA42E9007B94CF /* Release */ = {
			isa = XCBuildConfiguration;
			buildSettings = {
				ALWAYS_SEARCH_USER_PATHS = NO;
				CLANG_CXX_LANGUAGE_STANDARD = "gnu++0x";
				CLANG_CXX_LIBRARY = "libc++";
				CLANG_ENABLE_OBJC_ARC = YES;
				CLANG_WARN_EMPTY_BODY = YES;
				CLANG_WARN__DUPLICATE_METHOD_MATCH = YES;
				"CODE_SIGN_IDENTITY[sdk=iphoneos*]" = "iPhone Developer";
				COPY_PHASE_STRIP = YES;
				GCC_C_LANGUAGE_STANDARD = gnu99;
				GCC_WARN_ABOUT_RETURN_TYPE = YES;
				GCC_WARN_UNINITIALIZED_AUTOS = YES;
				GCC_WARN_UNUSED_VARIABLE = YES;
				IPHONEOS_DEPLOYMENT_TARGET = 6.0;
				OTHER_CFLAGS = "-DNS_BLOCK_ASSERTIONS=1";
				SDKROOT = iphoneos;
				VALIDATE_PRODUCT = YES;
			};
			name = Release;
		};
		7A89E21916BA42E9007B94CF /* Debug */ = {
			isa = XCBuildConfiguration;
			buildSettings = {
				GCC_PRECOMPILE_PREFIX_HEADER = YES;
				GCC_PREFIX_HEADER = "Matchismo/Matchismo-Prefix.pch";
				INFOPLIST_FILE = "Matchismo/Matchismo-Info.plist";
				PRODUCT_NAME = "$(TARGET_NAME)";
				WRAPPER_EXTENSION = app;
			};
			name = Debug;
		};
		7A89E21A16BA42E9007B94CF /* Release */ = {
			isa = XCBuildConfiguration;
			buildSettings = {
				GCC_PRECOMPILE_PREFIX_HEADER = YES;
				GCC_PREFIX_HEADER = "Matchismo/Matchismo-Prefix.pch";
				INFOPLIST_FILE = "Matchismo/Matchismo-Info.plist";
				PRODUCT_NAME = "$(TARGET_NAME)";
				WRAPPER_EXTENSION = app;
			};
			name = Release;
		};
/* End XCBuildConfiguration section */

/* Begin XCConfigurationList section */
		7A89E1EE16BA42E8007B94CF /* Build configuration list for PBXProject "Matchismo" */ = {
			isa = XCConfigurationList;
			buildConfigurations = (
				7A89E21616BA42E9007B94CF /* Debug */,
				7A89E21716BA42E9007B94CF /* Release */,
			);
			defaultConfigurationIsVisible = 0;
			defaultConfigurationName = Release;
		};
		7A89E21816BA42E9007B94CF /* Build configuration list for PBXNativeTarget "Matchismo" */ = {
			isa = XCConfigurationList;
			buildConfigurations = (
				7A89E21916BA42E9007B94CF /* Debug */,
				7A89E21A16BA42E9007B94CF /* Release */,
			);
			defaultConfigurationIsVisible = 0;
			defaultConfigurationName = Release;
		};
/* End XCConfigurationList section */
	};
	rootObject = 7A89E1EB16BA42E8007B94CF /* Project object */;
}
